
Microsoft Visual Studio Solution File, Format Version 12.00
# Visual Studio Version 17
VisualStudioVersion = 17.8.34316.72
MinimumVisualStudioVersion = 10.0.40219.1
Project("{FAE04EC0-301F-11D3-BF4B-00C04F79EFBC}") = "Senac.DotNet.6.WF.AgendamentoSalas", "Senac.DotNet.6.WF.AgendamentoSalas.csproj", "{655A661C-6D6F-4D25-9270-B8492A6FEF1A}"
EndProject
Global
	GlobalSection(SolutionConfigurationPlatforms) = preSolution
		Debug|Any CPU = Debug|Any CPU
		Release|Any CPU = Release|Any CPU
	EndGlobalSection
	GlobalSection(ProjectConfigurationPlatforms) = postSolution
		{655A661C-6D6F-4D25-9270-B8492A6FEF1A}.Debug|Any CPU.ActiveCfg = Debug|Any CPU
		{655A661C-6D6F-4D25-9270-B8492A6FEF1A}.Debug|Any CPU.Build.0 = Debug|Any CPU
		{655A661C-6D6F-4D25-9270-B8492A6FEF1A}.Release|Any CPU.ActiveCfg = Release|Any CPU
		{655A661C-6D6F-4D25-9270-B8492A6FEF1A}.Release|Any CPU.Build.0 = Release|Any CPU
	EndGlobalSection
	GlobalSection(SolutionProperties) = preSolution
		HideSolutionNode = FALSE
	EndGlobalSection
	GlobalSection(ExtensibilityGlobals) = postSolution
		SolutionGuid = {00369072-A060-48D8-8A4F-F01E8E106FC3}
	EndGlobalSection
EndGlobal
